%{"amqp": {:hex, :amqp, "0.2.3", "fa2495c0744e8fbf8acadb26d919ddad50630dd5019765dc1279911b3c650436", [], [{:amqp_client, "~> 3.6.8", [hex: :amqp_client, repo: "hexpm", optional: false]}, {:rabbit_common, "~> 3.6.8", [hex: :rabbit_common, repo: "hexpm", optional: false]}], "hexpm"},
  "amqp_client": {:hex, :amqp_client, "3.6.11", "4d3d5d4d4d79f0d3b1ea98c7040446385a3c60c8125a233c675e772279088627", [], [{:rabbit_common, "3.6.11", [hex: :rabbit_common, repo: "hexpm", optional: false]}], "hexpm"},
  "bunt": {:hex, :bunt, "0.2.0", "951c6e801e8b1d2cbe58ebbd3e616a869061ddadcc4863d0a2182541acae9a38", [], [], "hexpm"},
  "credo": {:hex, :credo, "0.8.6", "335f723772d35da499b5ebfdaf6b426bfb73590b6fcbc8908d476b75f8cbca3f", [], [{:bunt, "~> 0.2.0", [hex: :bunt, repo: "hexpm", optional: false]}], "hexpm"},
  "dialyxir": {:hex, :dialyxir, "0.5.1", "b331b091720fd93e878137add264bac4f644e1ddae07a70bf7062c7862c4b952", [], [], "hexpm"},
  "earmark": {:hex, :earmark, "1.2.3", "206eb2e2ac1a794aa5256f3982de7a76bf4579ff91cb28d0e17ea2c9491e46a4", [], [], "hexpm"},
  "ex_doc": {:hex, :ex_doc, "0.16.3", "cd2a4cfe5d26e37502d3ec776702c72efa1adfa24ed9ce723bb565f4c30bd31a", [], [{:earmark, "~> 1.1", [hex: :earmark, repo: "hexpm", optional: false]}], "hexpm"},
  "rabbit_common": {:hex, :rabbit_common, "3.6.11", "b3b369d985a46e8689f961403b3157d35f83d259a746be32fb6feef7cad27f28", [], [], "hexpm"}}
